Microsoft Visual Studio Solution File, Format Version 12.00
# Visual Studio 14
VisualStudioVersion = 14.0.23107.0
MinimumVisualStudioVersion = 10.0.40219.1
Project("{E24C65DC-7377-472B-9ABA-BC803B73C61A}") = "full-viewer-sample", ".", "{F8BF5F44-C3DF-4FB4-A447-A7B02725C545}"
	ProjectSection(WebsiteProperties) = preProject
		TargetFrameworkMoniker = ".NETFramework,Version%3Dv4.0"
		Debug.AspNetCompiler.VirtualPath = "/cs"
		Debug.AspNetCompiler.PhysicalPath = "..\full-viewer-sample\"
		Debug.AspNetCompiler.TargetPath = "PrecompiledWeb\cs\"
		Debug.AspNetCompiler.Updateable = "true"
		Debug.AspNetCompiler.ForceOverwrite = "true"
		Debug.AspNetCompiler.FixedNames = "false"
		Debug.AspNetCompiler.Debug = "True"
		Release.AspNetCompiler.VirtualPath = "/cs"
		Release.AspNetCompiler.PhysicalPath = "..\full-viewer-sample\"
		Release.AspNetCompiler.TargetPath = "PrecompiledWeb\cs\"
		Release.AspNetCompiler.Updateable = "true"
		Release.AspNetCompiler.ForceOverwrite = "true"
		Release.AspNetCompiler.FixedNames = "false"
		Release.AspNetCompiler.Debug = "False"
		VWDPort = "62514"
		SlnRelativePath = "..\full-viewer-sample\"
	EndProjectSection
EndProject
Global
	GlobalSection(SolutionConfigurationPlatforms) = preSolution
		Debug|Any CPU = Debug|Any CPU
		Release|Any CPU = Release|Any CPU
	EndGlobalSection
	GlobalSection(ProjectConfigurationPlatforms) = postSolution
		{F8BF5F44-C3DF-4FB4-A447-A7B02725C545}.Debug|Any CPU.ActiveCfg = Debug|Any CPU
		{F8BF5F44-C3DF-4FB4-A447-A7B02725C545}.Debug|Any CPU.Build.0 = Debug|Any CPU
		{F8BF5F44-C3DF-4FB4-A447-A7B02725C545}.Release|Any CPU.ActiveCfg = Debug|Any CPU
		{F8BF5F44-C3DF-4FB4-A447-A7B02725C545}.Release|Any CPU.Build.0 = Debug|Any CPU
	EndGlobalSection
	GlobalSection(SolutionProperties) = preSolution
		HideSolutionNode = FALSE
	EndGlobalSection
EndGlobal
